{
    "name": "lf-github",
    "version": "0.11.5",
    "lockfileVersion": 2,
    "requires": true,
    "packages": {
        "": {
            "name": "lf-github",
            "version": "0.11.5",
            "license": "SEE LICENSE IN LICENSE.md",
            "devDependencies": {
                "@scdev/declarative-markdown": "^1.3.2",
                "lfds-tokens": "github:luisfloat/lfds-tokens"
            }
        },
        "node_modules/@scdev/declarative-markdown": {
            "version": "1.3.2",
            "resolved": "https://registry.npmjs.org/@scdev/declarative-markdown/-/declarative-markdown-1.3.2.tgz",
            "integrity": "sha512-k/MkOanW7lrkHwDe2sFZ34YKTTUaRO82KXNnX7IiP1KOLlL8WffKCkRtQfvFbPr3lKUmd7rvw2SCKnRfE1sSCw==",
            "dev": true
        },
        "node_modules/lfds-tokens": {
            "version": "0.7.4",
            "resolved": "git+ssh://git@github.com/luisfloat/lfds-tokens.git#2124995725798e174f018e9aef4372ba23c50767",
            "dev": true,
            "license": "SEE LICENSE IN LICENSE.md"
        }
    },
    "dependencies": {
        "@scdev/declarative-markdown": {
            "version": "1.3.2",
            "resolved": "https://registry.npmjs.org/@scdev/declarative-markdown/-/declarative-markdown-1.3.2.tgz",
            "integrity": "sha512-k/MkOanW7lrkHwDe2sFZ34YKTTUaRO82KXNnX7IiP1KOLlL8WffKCkRtQfvFbPr3lKUmd7rvw2SCKnRfE1sSCw==",
            "dev": true
        },
        "lfds-tokens": {
            "version": "git+ssh://git@github.com/luisfloat/lfds-tokens.git#2124995725798e174f018e9aef4372ba23c50767",
            "dev": true,
            "from": "lfds-tokens@github:luisfloat/lfds-tokens"
        }
    }
}
